
Microsoft Visual Studio Solution File, Format Version 12.00
# Visual Studio Version 17
VisualStudioVersion = 17.9.34728.123
MinimumVisualStudioVersion = 10.0.40219.1
Project("{FAE04EC0-301F-11D3-BF4B-00C04F79EFBC}") = "TransientTRIApp.UI", "TransientTRIApp.UI\TransientTRIApp.UI.csproj", "{6EC61377-EC7A-43CA-87BE-DFEBC1BE0370}"
EndProject
Project("{FAE04EC0-301F-11D3-BF4B-00C04F79EFBC}") = "TransientTRIApp.Core", "TransientTRIApp.Core\TransientTRIApp.Core.csproj", "{AB417452-7DE4-4338-8554-25600D104BC5}"
EndProject
Project("{FAE04EC0-301F-11D3-BF4B-00C04F79EFBC}") = "TransientTRIApp.Common", "TransientTRIApp.Common\TransientTRIApp.Common.csproj", "{19C39C9A-9E11-48D9-AA72-A923FC55A480}"
EndProject
Global
	GlobalSection(SolutionConfigurationPlatforms) = preSolution
		Debug|Any CPU = Debug|Any CPU
		Debug|x64 = Debug|x64
		Release|Any CPU = Release|Any CPU
		Release|x64 = Release|x64
	EndGlobalSection
	GlobalSection(ProjectConfigurationPlatforms) = postSolution
		{6EC61377-EC7A-43CA-87BE-DFEBC1BE0370}.Debug|Any CPU.ActiveCfg = Debug|Any CPU
		{6EC61377-EC7A-43CA-87BE-DFEBC1BE0370}.Debug|Any CPU.Build.0 = Debug|Any CPU
		{6EC61377-EC7A-43CA-87BE-DFEBC1BE0370}.Debug|x64.ActiveCfg = Debug|x64
		{6EC61377-EC7A-43CA-87BE-DFEBC1BE0370}.Debug|x64.Build.0 = Debug|x64
		{6EC61377-EC7A-43CA-87BE-DFEBC1BE0370}.Release|Any CPU.ActiveCfg = Release|Any CPU
		{6EC61377-EC7A-43CA-87BE-DFEBC1BE0370}.Release|Any CPU.Build.0 = Release|Any CPU
		{6EC61377-EC7A-43CA-87BE-DFEBC1BE0370}.Release|x64.ActiveCfg = Release|Any CPU
		{6EC61377-EC7A-43CA-87BE-DFEBC1BE0370}.Release|x64.Build.0 = Release|Any CPU
		{AB417452-7DE4-4338-8554-25600D104BC5}.Debug|Any CPU.ActiveCfg = Debug|Any CPU
		{AB417452-7DE4-4338-8554-25600D104BC5}.Debug|Any CPU.Build.0 = Debug|Any CPU
		{AB417452-7DE4-4338-8554-25600D104BC5}.Debug|x64.ActiveCfg = Debug|x64
		{AB417452-7DE4-4338-8554-25600D104BC5}.Debug|x64.Build.0 = Debug|x64
		{AB417452-7DE4-4338-8554-25600D104BC5}.Release|Any CPU.ActiveCfg = Release|Any CPU
		{AB417452-7DE4-4338-8554-25600D104BC5}.Release|Any CPU.Build.0 = Release|Any CPU
		{AB417452-7DE4-4338-8554-25600D104BC5}.Release|x64.ActiveCfg = Release|Any CPU
		{AB417452-7DE4-4338-8554-25600D104BC5}.Release|x64.Build.0 = Release|Any CPU
		{19C39C9A-9E11-48D9-AA72-A923FC55A480}.Debug|Any CPU.ActiveCfg = Debug|Any CPU
		{19C39C9A-9E11-48D9-AA72-A923FC55A480}.Debug|Any CPU.Build.0 = Debug|Any CPU
		{19C39C9A-9E11-48D9-AA72-A923FC55A480}.Debug|x64.ActiveCfg = Debug|x64
		{19C39C9A-9E11-48D9-AA72-A923FC55A480}.Debug|x64.Build.0 = Debug|x64
		{19C39C9A-9E11-48D9-AA72-A923FC55A480}.Release|Any CPU.ActiveCfg = Release|Any CPU
		{19C39C9A-9E11-48D9-AA72-A923FC55A480}.Release|Any CPU.Build.0 = Release|Any CPU
		{19C39C9A-9E11-48D9-AA72-A923FC55A480}.Release|x64.ActiveCfg = Release|x64
		{19C39C9A-9E11-48D9-AA72-A923FC55A480}.Release|x64.Build.0 = Release|x64
	EndGlobalSection
	GlobalSection(SolutionProperties) = preSolution
		HideSolutionNode = FALSE
	EndGlobalSection
	GlobalSection(ExtensibilityGlobals) = postSolution
		SolutionGuid = {DC86A967-C648-4F8A-8719-E55858E544E2}
	EndGlobalSection
EndGlobal
